
Microsoft Visual Studio Solution File, Format Version 12.00
# Visual Studio 15
VisualStudioVersion = 15.0.28307.136
MinimumVisualStudioVersion = 10.0.40219.1
Project("{E24C65DC-7377-472B-9ABA-BC803B73C61A}") = "Site0406", "Site0406\", "{99B232B8-33B4-4405-9263-1D8429C11D91}"
	ProjectSection(WebsiteProperties) = preProject
		TargetFrameworkMoniker = ".NETFramework,Version%3Dv4.6.1"
		Debug.AspNetCompiler.VirtualPath = "/localhost_49330"
		Debug.AspNetCompiler.PhysicalPath = "Site0406\"
		Debug.AspNetCompiler.TargetPath = "PrecompiledWeb\localhost_49330\"
		Debug.AspNetCompiler.Updateable = "true"
		Debug.AspNetCompiler.ForceOverwrite = "true"
		Debug.AspNetCompiler.FixedNames = "false"
		Debug.AspNetCompiler.Debug = "True"
		Release.AspNetCompiler.VirtualPath = "/localhost_49330"
		Release.AspNetCompiler.PhysicalPath = "Site0406\"
		Release.AspNetCompiler.TargetPath = "PrecompiledWeb\localhost_49330\"
		Release.AspNetCompiler.Updateable = "true"
		Release.AspNetCompiler.ForceOverwrite = "true"
		Release.AspNetCompiler.FixedNames = "false"
		Release.AspNetCompiler.Debug = "False"
		VWDPort = "49330"
		SlnRelativePath = "Site0406\"
		DefaultWebSiteLanguage = "Visual C#"
	EndProjectSection
EndProject
Global
	GlobalSection(SolutionConfigurationPlatforms) = preSolution
		Debug|Any CPU = Debug|Any CPU
	EndGlobalSection
	GlobalSection(ProjectConfigurationPlatforms) = postSolution
		{99B232B8-33B4-4405-9263-1D8429C11D91}.Debug|Any CPU.ActiveCfg = Debug|Any CPU
		{99B232B8-33B4-4405-9263-1D8429C11D91}.Debug|Any CPU.Build.0 = Debug|Any CPU
	EndGlobalSection
	GlobalSection(SolutionProperties) = preSolution
		HideSolutionNode = FALSE
	EndGlobalSection
	GlobalSection(ExtensibilityGlobals) = postSolution
		SolutionGuid = {F145AB70-C67D-477F-8EAE-83BC011DEDD8}
	EndGlobalSection
EndGlobal
